
Microsoft Visual Studio Solution File, Format Version 12.00
# Visual Studio Version 17
VisualStudioVersion = 17.12.35521.163 d17.12
MinimumVisualStudioVersion = 10.0.40219.1
Project("{FAE04EC0-301F-11D3-BF4B-00C04F79EFBC}") = "Api-Users", "Api-Users\Api-Users.csproj", "{4DC848DB-1492-483A-B7B5-5ED41A0EAB2E}"
EndProject
Project("{FAE04EC0-301F-11D3-BF4B-00C04F79EFBC}") = "Api-Users.DAL", "Api-Users.DAL\Api-Users.DAL.csproj", "{55FBEE8B-D8C2-46CE-B34A-C7AB75F63E8D}"
EndProject
Global
	GlobalSection(SolutionConfigurationPlatforms) = preSolution
		Debug|Any CPU = Debug|Any CPU
		Release|Any CPU = Release|Any CPU
	EndGlobalSection
	GlobalSection(ProjectConfigurationPlatforms) = postSolution
		{4DC848DB-1492-483A-B7B5-5ED41A0EAB2E}.Debug|Any CPU.ActiveCfg = Debug|Any CPU
		{4DC848DB-1492-483A-B7B5-5ED41A0EAB2E}.Debug|Any CPU.Build.0 = Debug|Any CPU
		{4DC848DB-1492-483A-B7B5-5ED41A0EAB2E}.Release|Any CPU.ActiveCfg = Release|Any CPU
		{4DC848DB-1492-483A-B7B5-5ED41A0EAB2E}.Release|Any CPU.Build.0 = Release|Any CPU
		{55FBEE8B-D8C2-46CE-B34A-C7AB75F63E8D}.Debug|Any CPU.ActiveCfg = Debug|Any CPU
		{55FBEE8B-D8C2-46CE-B34A-C7AB75F63E8D}.Debug|Any CPU.Build.0 = Debug|Any CPU
		{55FBEE8B-D8C2-46CE-B34A-C7AB75F63E8D}.Release|Any CPU.ActiveCfg = Release|Any CPU
		{55FBEE8B-D8C2-46CE-B34A-C7AB75F63E8D}.Release|Any CPU.Build.0 = Release|Any CPU
	EndGlobalSection
	GlobalSection(SolutionProperties) = preSolution
		HideSolutionNode = FALSE
	EndGlobalSection
EndGlobal
